github.com/tyler-smith/go-bip39 v1.0.2 h1:+t3w+KwLXO6154GNJY+qUtIxLTmFjfUmpguQT1OlOT8=
github.com/tyler-smith/go-bip39 v1.0.2/go.mod h1:sJ5fKU0s6JVwZjjcUEX2zFOnvq0ASQ2K9Zr6cf67kNs=
golang.org/x/crypto v0.0.0-20180621125126-a49355c7e3f8 h1:h7zdf0RiEvWbYBKIx4b+q41xoUVnMmvsGZnIVE5syG8=
golang.org/x/crypto v0.0.0-20180621125126-a49355c7e3f8/go.mod h1:6SG95UA2DQfeDnfUPMdvaQW0Q7yPrPDi9nlGo2tz2b4=
